
Microsoft Visual Studio Solution File, Format Version 12.00
# Visual Studio Version 17
VisualStudioVersion = 17.14.36301.6 d17.14
MinimumVisualStudioVersion = 10.0.40219.1
Project("{FAE04EC0-301F-11D3-BF4B-00C04F79EFBC}") = "SwiftLux.WhatsApp.Api", "SwiftLux.WhatsApp.Api.csproj", "{F85A3B6A-9D1C-2603-884A-4F478C7CE741}"
EndProject
Global
	GlobalSection(SolutionConfigurationPlatforms) = preSolution
		Debug|Any CPU = Debug|Any CPU
		Release|Any CPU = Release|Any CPU
	EndGlobalSection
	GlobalSection(ProjectConfigurationPlatforms) = postSolution
		{F85A3B6A-9D1C-2603-884A-4F478C7CE741}.Debug|Any CPU.ActiveCfg = Debug|Any CPU
		{F85A3B6A-9D1C-2603-884A-4F478C7CE741}.Debug|Any CPU.Build.0 = Debug|Any CPU
		{F85A3B6A-9D1C-2603-884A-4F478C7CE741}.Release|Any CPU.ActiveCfg = Release|Any CPU
		{F85A3B6A-9D1C-2603-884A-4F478C7CE741}.Release|Any CPU.Build.0 = Release|Any CPU
	EndGlobalSection
	GlobalSection(SolutionProperties) = preSolution
		HideSolutionNode = FALSE
	EndGlobalSection
	GlobalSection(ExtensibilityGlobals) = postSolution
		SolutionGuid = {DBD649D0-5F1F-4BE1-A4C5-B5AF31D6F0B4}
	EndGlobalSection
EndGlobal
